
Microsoft Visual Studio Solution File, Format Version 12.00
# Visual Studio Version 17
VisualStudioVersion = 17.5.002.0
MinimumVisualStudioVersion = 10.0.40219.1
Project("{2150E333-8FDC-42A3-9474-1A3956D46DE8}") = "api", "api", "{A5493047-B38D-4C3C-9B63-6E2A5867E1CA}"
EndProject
Project("{9A19103F-16F7-4668-BE54-9A1E7A4F7556}") = "api", "api\api\api.csproj", "{6A0AB0BD-7DF6-4116-A28C-2ACDE728A70E}"
EndProject
Global
	GlobalSection(SolutionConfigurationPlatforms) = preSolution
		Debug|Any CPU = Debug|Any CPU
		Release|Any CPU = Release|Any CPU
	EndGlobalSection
	GlobalSection(ProjectConfigurationPlatforms) = postSolution
		{6A0AB0BD-7DF6-4116-A28C-2ACDE728A70E}.Debug|Any CPU.ActiveCfg = Debug|Any CPU
		{6A0AB0BD-7DF6-4116-A28C-2ACDE728A70E}.Debug|Any CPU.Build.0 = Debug|Any CPU
		{6A0AB0BD-7DF6-4116-A28C-2ACDE728A70E}.Release|Any CPU.ActiveCfg = Release|Any CPU
		{6A0AB0BD-7DF6-4116-A28C-2ACDE728A70E}.Release|Any CPU.Build.0 = Release|Any CPU
	EndGlobalSection
	GlobalSection(SolutionProperties) = preSolution
		HideSolutionNode = FALSE
	EndGlobalSection
	GlobalSection(NestedProjects) = preSolution
		{6A0AB0BD-7DF6-4116-A28C-2ACDE728A70E} = {A5493047-B38D-4C3C-9B63-6E2A5867E1CA}
	EndGlobalSection
	GlobalSection(ExtensibilityGlobals) = postSolution
		SolutionGuid = {47086529-A6AE-4315-82F5-6F6B0B2DE94C}
	EndGlobalSection
EndGlobal
